// !$*UTF8*$!
{
	archiveVersion = 1;
	classes = {
	};
	objectVersion = 48;
	objects = {

/* Begin PBXBuildFile section */
		B7068E8C204AF52B00E2AE03 /* Season.swift in Sources */ = {isa = PBXBuildFile; fileRef = B7068E8B204AF52B00E2AE03 /* Season.swift */; };
		B7068E8E204AF56700E2AE03 /* SeasonTest.swift in Sources */ = {isa = PBXBuildFile; fileRef = B7068E8D204AF56700E2AE03 /* SeasonTest.swift */; };
		B7068E90204AFB5000E2AE03 /* Episode.swift in Sources */ = {isa = PBXBuildFile; fileRef = B7068E8F204AFB5000E2AE03 /* Episode.swift */; };
		B71CEBFD2045C1BA00F6D08E /* targaryenSmall.jpg in Resources */ = {isa = PBXBuildFile; fileRef = B71CEBFA2045C1B900F6D08E /* targaryenSmall.jpg */; };
		B71CEBFE2045C1BA00F6D08E /* codeIsComing.png in Resources */ = {isa = PBXBuildFile; fileRef = B71CEBFB2045C1B900F6D08E /* codeIsComing.png */; };
		B71CEBFF2045C1BA00F6D08E /* lannister.jpg in Resources */ = {isa = PBXBuildFile; fileRef = B71CEBFC2045C1BA00F6D08E /* lannister.jpg */; };
		B71CEC042045C26200F6D08E /* HouseDetailViewController.swift in Sources */ = {isa = PBXBuildFile; fileRef = B71CEC022045C26200F6D08E /* HouseDetailViewController.swift */; };
		B71CEC052045C26200F6D08E /* HouseDetailViewController.xib in Resources */ = {isa = PBXBuildFile; fileRef = B71CEC032045C26200F6D08E /* HouseDetailViewController.xib */; };
		B72A26E720461906000866F9 /* UIViewController+Additions.swift in Sources */ = {isa = PBXBuildFile; fileRef = B72A26E620461906000866F9 /* UIViewController+Additions.swift */; };
		B72A26E920461CB6000866F9 /* RespositoryTests.swift in Sources */ = {isa = PBXBuildFile; fileRef = B72A26E820461CB6000866F9 /* RespositoryTests.swift */; };
		B72A26EB20461D74000866F9 /* Repository.swift in Sources */ = {isa = PBXBuildFile; fileRef = B72A26EA20461D74000866F9 /* Repository.swift */; };
		B72A770B20474CAF0034813D /* HouseListViewController.swift in Sources */ = {isa = PBXBuildFile; fileRef = B72A770920474CAF0034813D /* HouseListViewController.swift */; };
		B72A770C20474CAF0034813D /* HouseListViewController.xib in Resources */ = {isa = PBXBuildFile; fileRef = B72A770A20474CAF0034813D /* HouseListViewController.xib */; };
		B73A8C13204738ED00ED89A3 /* WikiViewController.swift in Sources */ = {isa = PBXBuildFile; fileRef = B73A8C11204738ED00ED89A3 /* WikiViewController.swift */; };
		B73A8C14204738ED00ED89A3 /* WikiViewController.xib in Resources */ = {isa = PBXBuildFile; fileRef = B73A8C12204738ED00ED89A3 /* WikiViewController.xib */; };
		B767EC2E2044798700CD07B4 /* AppDelegate.swift in Sources */ = {isa = PBXBuildFile; fileRef = B767EC2D2044798700CD07B4 /* AppDelegate.swift */; };
		B767EC352044798700CD07B4 /* Assets.xcassets in Resources */ = {isa = PBXBuildFile; fileRef = B767EC342044798700CD07B4 /* Assets.xcassets */; };
		B767EC382044798700CD07B4 /* LaunchScreen.storyboard in Resources */ = {isa = PBXBuildFile; fileRef = B767EC362044798700CD07B4 /* LaunchScreen.storyboard */; };
		B79046FB20447BFD00224E0A /* HouseTests.swift in Sources */ = {isa = PBXBuildFile; fileRef = B79046FA20447BFD00224E0A /* HouseTests.swift */; };
		B79046FD20447CE800224E0A /* House.swift in Sources */ = {isa = PBXBuildFile; fileRef = B79046FC20447CE800224E0A /* House.swift */; };
		B79046FF2044826600224E0A /* PersonTests.swift in Sources */ = {isa = PBXBuildFile; fileRef = B79046FE2044826600224E0A /* PersonTests.swift */; };
		B7904701204482E800224E0A /* Person.swift in Sources */ = {isa = PBXBuildFile; fileRef = B7904700204482E800224E0A /* Person.swift */; };
		B7DB57A12047620E006CC046 /* MemberListViewController.swift in Sources */ = {isa = PBXBuildFile; fileRef = B7DB579F2047620E006CC046 /* MemberListViewController.swift */; };
		B7DB57A22047620E006CC046 /* MemberListViewController.xib in Resources */ = {isa = PBXBuildFile; fileRef = B7DB57A02047620E006CC046 /* MemberListViewController.xib */; };
/* End PBXBuildFile section */

/* Begin PBXContainerItemProxy section */
		B767EC3F2044798700CD07B4 /* PBXContainerItemProxy */ = {
			isa = PBXContainerItemProxy;
			containerPortal = B767EC222044798600CD07B4 /* Project object */;
			proxyType = 1;
			remoteGlobalIDString = B767EC292044798700CD07B4;
			remoteInfo = WesterosIB;
		};
/* End PBXContainerItemProxy section */

/* Begin PBXFileReference section */
		B7068E8B204AF52B00E2AE03 /* Season.swift */ = {isa = PBXFileReference; lastKnownFileType = sourcecode.swift; path = Season.swift; sourceTree = "<group>"; };
		B7068E8D204AF56700E2AE03 /* SeasonTest.swift */ = {isa = PBXFileReference; lastKnownFileType = sourcecode.swift; path = SeasonTest.swift; sourceTree = "<group>"; };
		B7068E8F204AFB5000E2AE03 /* Episode.swift */ = {isa = PBXFileReference; lastKnownFileType = sourcecode.swift; path = Episode.swift; sourceTree = "<group>"; };
		B71CEBFA2045C1B900F6D08E /* targaryenSmall.jpg */ = {isa = PBXFileReference; lastKnownFileType = image.jpeg; path = targaryenSmall.jpg; sourceTree = "<group>"; };
		B71CEBFB2045C1B900F6D08E /* codeIsComing.png */ = {isa = PBXFileReference; lastKnownFileType = image.png; path = codeIsComing.png; sourceTree = "<group>"; };
		B71CEBFC2045C1BA00F6D08E /* lannister.jpg */ = {isa = PBXFileReference; lastKnownFileType = image.jpeg; path = lannister.jpg; sourceTree = "<group>"; };
		B71CEC022045C26200F6D08E /* HouseDetailViewController.swift */ = {isa = PBXFileReference; lastKnownFileType = sourcecode.swift; path = HouseDetailViewController.swift; sourceTree = "<group>"; };
		B71CEC032045C26200F6D08E /* HouseDetailViewController.xib */ = {isa = PBXFileReference; lastKnownFileType = file.xib; path = HouseDetailViewController.xib; sourceTree = "<group>"; };
		B72A26E620461906000866F9 /* UIViewController+Additions.swift */ = {isa = PBXFileReference; lastKnownFileType = sourcecode.swift; path = "UIViewController+Additions.swift"; sourceTree = "<group>"; };
		B72A26E820461CB6000866F9 /* RespositoryTests.swift */ = {isa = PBXFileReference; lastKnownFileType = sourcecode.swift; path = RespositoryTests.swift; sourceTree = "<group>"; };
		B72A26EA20461D74000866F9 /* Repository.swift */ = {isa = PBXFileReference; lastKnownFileType = sourcecode.swift; path = Repository.swift; sourceTree = "<group>"; };
		B72A770920474CAF0034813D /* HouseListViewController.swift */ = {isa = PBXFileReference; lastKnownFileType = sourcecode.swift; path = HouseListViewController.swift; sourceTree = "<group>"; };
		B72A770A20474CAF0034813D /* HouseListViewController.xib */ = {isa = PBXFileReference; lastKnownFileType = file.xib; path = HouseListViewController.xib; sourceTree = "<group>"; };
		B73A8C11204738ED00ED89A3 /* WikiViewController.swift */ = {isa = PBXFileReference; lastKnownFileType = sourcecode.swift; path = WikiViewController.swift; sourceTree = "<group>"; };
		B73A8C12204738ED00ED89A3 /* WikiViewController.xib */ = {isa = PBXFileReference; lastKnownFileType = file.xib; path = WikiViewController.xib; sourceTree = "<group>"; };
		B767EC2A2044798700CD07B4 /* WesterosIB.app */ = {isa = PBXFileReference; explicitFileType = wrapper.application; includeInIndex = 0; path = WesterosIB.app; sourceTree = BUILT_PRODUCTS_DIR; };
		B767EC2D2044798700CD07B4 /* AppDelegate.swift */ = {isa = PBXFileReference; lastKnownFileType = sourcecode.swift; path = AppDelegate.swift; sourceTree = "<group>"; };
		B767EC342044798700CD07B4 /* Assets.xcassets */ = {isa = PBXFileReference; lastKnownFileType = folder.assetcatalog; path = Assets.xcassets; sourceTree = "<group>"; };
		B767EC372044798700CD07B4 /* Base */ = {isa = PBXFileReference; lastKnownFileType = file.storyboard; name = Base; path = Base.lproj/LaunchScreen.storyboard; sourceTree = "<group>"; };
		B767EC392044798700CD07B4 /* Info.plist */ = {isa = PBXFileReference; lastKnownFileType = text.plist.xml; path = Info.plist; sourceTree = "<group>"; };
		B767EC3E2044798700CD07B4 /* WesterosIBTests.xctest */ = {isa = PBXFileReference; explicitFileType = wrapper.cfbundle; includeInIndex = 0; path = WesterosIBTests.xctest; sourceTree = BUILT_PRODUCTS_DIR; };
		B767EC442044798700CD07B4 /* Info.plist */ = {isa = PBXFileReference; lastKnownFileType = text.plist.xml; path = Info.plist; sourceTree = "<group>"; };
		B79046FA20447BFD00224E0A /* HouseTests.swift */ = {isa = PBXFileReference; lastKnownFileType = sourcecode.swift; path = HouseTests.swift; sourceTree = "<group>"; };
		B79046FC20447CE800224E0A /* House.swift */ = {isa = PBXFileReference; lastKnownFileType = sourcecode.swift; path = House.swift; sourceTree = "<group>"; };
		B79046FE2044826600224E0A /* PersonTests.swift */ = {isa = PBXFileReference; lastKnownFileType = sourcecode.swift; path = PersonTests.swift; sourceTree = "<group>"; };
		B7904700204482E800224E0A /* Person.swift */ = {isa = PBXFileReference; lastKnownFileType = sourcecode.swift; path = Person.swift; sourceTree = "<group>"; };
		B7DB579F2047620E006CC046 /* MemberListViewController.swift */ = {isa = PBXFileReference; lastKnownFileType = sourcecode.swift; path = MemberListViewController.swift; sourceTree = "<group>"; };
		B7DB57A02047620E006CC046 /* MemberListViewController.xib */ = {isa = PBXFileReference; lastKnownFileType = file.xib; path = MemberListViewController.xib; sourceTree = "<group>"; };
/* End PBXFileReference section */

/* Begin PBXFrameworksBuildPhase section */
		B767EC272044798700CD07B4 /* Frameworks */ = {
			isa = PBXFrameworksBuildPhase;
			buildActionMask = 2147483647;
			files = (
			);
			runOnlyForDeploymentPostprocessing = 0;
		};
		B767EC3B2044798700CD07B4 /* Frameworks */ = {
			isa = PBXFrameworksBuildPhase;
			buildActionMask = 2147483647;
			files = (
			);
			runOnlyForDeploymentPostprocessing = 0;
		};
/* End PBXFrameworksBuildPhase section */

/* Begin PBXGroup section */
		B71CEC002045C1C400F6D08E /* Assets */ = {
			isa = PBXGroup;
			children = (
				B71CEBFB2045C1B900F6D08E /* codeIsComing.png */,
				B71CEBFC2045C1BA00F6D08E /* lannister.jpg */,
				B71CEBFA2045C1B900F6D08E /* targaryenSmall.jpg */,
			);
			path = Assets;
			sourceTree = "<group>";
		};
		B71CEC012045C1ED00F6D08E /* Domain */ = {
			isa = PBXGroup;
			children = (
				B79046FC20447CE800224E0A /* House.swift */,
				B7904700204482E800224E0A /* Person.swift */,
				B72A26EA20461D74000866F9 /* Repository.swift */,
				B7068E8B204AF52B00E2AE03 /* Season.swift */,
				B7068E8F204AFB5000E2AE03 /* Episode.swift */,
			);
			path = Domain;
			sourceTree = "<group>";
		};
		B71CEC062045C28400F6D08E /* Controllers */ = {
			isa = PBXGroup;
			children = (
				B71CEC022045C26200F6D08E /* HouseDetailViewController.swift */,
				B71CEC032045C26200F6D08E /* HouseDetailViewController.xib */,
				B73A8C11204738ED00ED89A3 /* WikiViewController.swift */,
				B73A8C12204738ED00ED89A3 /* WikiViewController.xib */,
				B72A770920474CAF0034813D /* HouseListViewController.swift */,
				B72A770A20474CAF0034813D /* HouseListViewController.xib */,
				B7DB579F2047620E006CC046 /* MemberListViewController.swift */,
				B7DB57A02047620E006CC046 /* MemberListViewController.xib */,
			);
			path = Controllers;
			sourceTree = "<group>";
		};
		B72A26E520461847000866F9 /* UIKitExtensions */ = {
			isa = PBXGroup;
			children = (
				B72A26E620461906000866F9 /* UIViewController+Additions.swift */,
			);
			path = UIKitExtensions;
			sourceTree = "<group>";
		};
		B767EC212044798600CD07B4 = {
			isa = PBXGroup;
			children = (
				B767EC2C2044798700CD07B4 /* WesterosIB */,
				B767EC412044798700CD07B4 /* WesterosIBTests */,
				B767EC2B2044798700CD07B4 /* Products */,
			);
			sourceTree = "<group>";
		};
		B767EC2B2044798700CD07B4 /* Products */ = {
			isa = PBXGroup;
			children = (
				B767EC2A2044798700CD07B4 /* WesterosIB.app */,
				B767EC3E2044798700CD07B4 /* WesterosIBTests.xctest */,
			);
			name = Products;
			sourceTree = "<group>";
		};
		B767EC2C2044798700CD07B4 /* WesterosIB */ = {
			isa = PBXGroup;
			children = (
				B71CEC062045C28400F6D08E /* Controllers */,
				B72A26E520461847000866F9 /* UIKitExtensions */,
				B71CEC012045C1ED00F6D08E /* Domain */,
				B71CEC002045C1C400F6D08E /* Assets */,
				B767EC2D2044798700CD07B4 /* AppDelegate.swift */,
				B767EC342044798700CD07B4 /* Assets.xcassets */,
				B767EC362044798700CD07B4 /* LaunchScreen.storyboard */,
				B767EC392044798700CD07B4 /* Info.plist */,
			);
			path = WesterosIB;
			sourceTree = "<group>";
		};
		B767EC412044798700CD07B4 /* WesterosIBTests */ = {
			isa = PBXGroup;
			children = (
				B767EC442044798700CD07B4 /* Info.plist */,
				B79046FA20447BFD00224E0A /* HouseTests.swift */,
				B79046FE2044826600224E0A /* PersonTests.swift */,
				B72A26E820461CB6000866F9 /* RespositoryTests.swift */,
				B7068E8D204AF56700E2AE03 /* SeasonTest.swift */,
			);
			path = WesterosIBTests;
			sourceTree = "<group>";
		};
/* End PBXGroup section */

/* Begin PBXNativeTarget section */
		B767EC292044798700CD07B4 /* WesterosIB */ = {
			isa = PBXNativeTarget;
			buildConfigurationList = B767EC472044798700CD07B4 /* Build configuration list for PBXNativeTarget "WesterosIB" */;
			buildPhases = (
				B767EC262044798700CD07B4 /* Sources */,
				B767EC272044798700CD07B4 /* Frameworks */,
				B767EC282044798700CD07B4 /* Resources */,
			);
			buildRules = (
			);
			dependencies = (
			);
			name = WesterosIB;
			productName = WesterosIB;
			productReference = B767EC2A2044798700CD07B4 /* WesterosIB.app */;
			productType = "com.apple.product-type.application";
		};
		B767EC3D2044798700CD07B4 /* WesterosIBTests */ = {
			isa = PBXNativeTarget;
			buildConfigurationList = B767EC4A2044798700CD07B4 /* Build configuration list for PBXNativeTarget "WesterosIBTests" */;
			buildPhases = (
				B767EC3A2044798700CD07B4 /* Sources */,
				B767EC3B2044798700CD07B4 /* Frameworks */,
				B767EC3C2044798700CD07B4 /* Resources */,
			);
			buildRules = (
			);
			dependencies = (
				B767EC402044798700CD07B4 /* PBXTargetDependency */,
			);
			name = WesterosIBTests;
			productName = WesterosIBTests;
			productReference = B767EC3E2044798700CD07B4 /* WesterosIBTests.xctest */;
			productType = "com.apple.product-type.bundle.unit-test";
		};
/* End PBXNativeTarget section */

/* Begin PBXProject section */
		B767EC222044798600CD07B4 /* Project object */ = {
			isa = PBXProject;
			attributes = {
				LastSwiftUpdateCheck = 0920;
				LastUpgradeCheck = 0920;
				ORGANIZATIONNAME = "Irma Blanco";
				TargetAttributes = {
					B767EC292044798700CD07B4 = {
						CreatedOnToolsVersion = 9.2;
						ProvisioningStyle = Automatic;
					};
					B767EC3D2044798700CD07B4 = {
						CreatedOnToolsVersion = 9.2;
						LastSwiftMigration = 0920;
						ProvisioningStyle = Automatic;
						TestTargetID = B767EC292044798700CD07B4;
					};
				};
			};
			buildConfigurationList = B767EC252044798600CD07B4 /* Build configuration list for PBXProject "WesterosIB" */;
			compatibilityVersion = "Xcode 8.0";
			developmentRegion = en;
			hasScannedForEncodings = 0;
			knownRegions = (
				en,
				Base,
			);
			mainGroup = B767EC212044798600CD07B4;
			productRefGroup = B767EC2B2044798700CD07B4 /* Products */;
			projectDirPath = "";
			projectRoot = "";
			targets = (
				B767EC292044798700CD07B4 /* WesterosIB */,
				B767EC3D2044798700CD07B4 /* WesterosIBTests */,
			);
		};
/* End PBXProject section */

/* Begin PBXResourcesBuildPhase section */
		B767EC282044798700CD07B4 /* Resources */ = {
			isa = PBXResourcesBuildPhase;
			buildActionMask = 2147483647;
			files = (
				B767EC382044798700CD07B4 /* LaunchScreen.storyboard in Resources */,
				B73A8C14204738ED00ED89A3 /* WikiViewController.xib in Resources */,
				B71CEBFD2045C1BA00F6D08E /* targaryenSmall.jpg in Resources */,
				B72A770C20474CAF0034813D /* HouseListViewController.xib in Resources */,
				B7DB57A22047620E006CC046 /* MemberListViewController.xib in Resources */,
				B71CEC052045C26200F6D08E /* HouseDetailViewController.xib in Resources */,
				B71CEBFF2045C1BA00F6D08E /* lannister.jpg in Resources */,
				B767EC352044798700CD07B4 /* Assets.xcassets in Resources */,
				B71CEBFE2045C1BA00F6D08E /* codeIsComing.png in Resources */,
			);
			runOnlyForDeploymentPostprocessing = 0;
		};
		B767EC3C2044798700CD07B4 /* Resources */ = {
			isa = PBXResourcesBuildPhase;
			buildActionMask = 2147483647;
			files = (
			);
			runOnlyForDeploymentPostprocessing = 0;
		};
/* End PBXResourcesBuildPhase section */

/* Begin PBXSourcesBuildPhase section */
		B767EC262044798700CD07B4 /* Sources */ = {
			isa = PBXSourcesBuildPhase;
			buildActionMask = 2147483647;
			files = (
				B71CEC042045C26200F6D08E /* HouseDetailViewController.swift in Sources */,
				B7904701204482E800224E0A /* Person.swift in Sources */,
				B7068E8C204AF52B00E2AE03 /* Season.swift in Sources */,
				B79046FD20447CE800224E0A /* House.swift in Sources */,
				B72A26E720461906000866F9 /* UIViewController+Additions.swift in Sources */,
				B7068E90204AFB5000E2AE03 /* Episode.swift in Sources */,
				B767EC2E2044798700CD07B4 /* AppDelegate.swift in Sources */,
				B72A26EB20461D74000866F9 /* Repository.swift in Sources */,
				B73A8C13204738ED00ED89A3 /* WikiViewController.swift in Sources */,
				B72A770B20474CAF0034813D /* HouseListViewController.swift in Sources */,
				B7DB57A12047620E006CC046 /* MemberListViewController.swift in Sources */,
			);
			runOnlyForDeploymentPostprocessing = 0;
		};
		B767EC3A2044798700CD07B4 /* Sources */ = {
			isa = PBXSourcesBuildPhase;
			buildActionMask = 2147483647;
			files = (
				B7068E8E204AF56700E2AE03 /* SeasonTest.swift in Sources */,
				B79046FB20447BFD00224E0A /* HouseTests.swift in Sources */,
				B72A26E920461CB6000866F9 /* RespositoryTests.swift in Sources */,
				B79046FF2044826600224E0A /* PersonTests.swift in Sources */,
			);
			runOnlyForDeploymentPostprocessing = 0;
		};
/* End PBXSourcesBuildPhase section */

/* Begin PBXTargetDependency section */
		B767EC402044798700CD07B4 /* PBXTargetDependency */ = {
			isa = PBXTargetDependency;
			target = B767EC292044798700CD07B4 /* WesterosIB */;
			targetProxy = B767EC3F2044798700CD07B4 /* PBXContainerItemProxy */;
		};
/* End PBXTargetDependency section */

/* Begin PBXVariantGroup section */
		B767EC362044798700CD07B4 /* LaunchScreen.storyboard */ = {
			isa = PBXVariantGroup;
			children = (
				B767EC372044798700CD07B4 /* Base */,
			);
			name = LaunchScreen.storyboard;
			sourceTree = "<group>";
		};
/* End PBXVariantGroup section */

/* Begin XCBuildConfiguration section */
		B767EC452044798700CD07B4 /* Debug */ = {
			isa = XCBuildConfiguration;
			buildSettings = {
				ALWAYS_SEARCH_USER_PATHS = NO;
				CLANG_ANALYZER_NONNULL = YES;
				CLANG_ANALYZER_NUMBER_OBJECT_CONVERSION = YES_AGGRESSIVE;
				CLANG_CXX_LANGUAGE_STANDARD = "gnu++14";
				CLANG_CXX_LIBRARY = "libc++";
				CLANG_ENABLE_MODULES = YES;
				CLANG_ENABLE_OBJC_ARC = YES;
				CLANG_WARN_BLOCK_CAPTURE_AUTORELEASING = YES;
				CLANG_WARN_BOOL_CONVERSION = YES;
				CLANG_WARN_COMMA = YES;
				CLANG_WARN_CONSTANT_CONVERSION = YES;
				CLANG_WARN_DIRECT_OBJC_ISA_USAGE = YES_ERROR;
				CLANG_WARN_DOCUMENTATION_COMMENTS = YES;
				CLANG_WARN_EMPTY_BODY = YES;
				CLANG_WARN_ENUM_CONVERSION = YES;
				CLANG_WARN_INFINITE_RECURSION = YES;
				CLANG_WARN_INT_CONVERSION = YES;
				CLANG_WARN_NON_LITERAL_NULL_CONVERSION = YES;
				CLANG_WARN_OBJC_LITERAL_CONVERSION = YES;
				CLANG_WARN_OBJC_ROOT_CLASS = YES_ERROR;
				CLANG_WARN_RANGE_LOOP_ANALYSIS = YES;
				CLANG_WARN_STRICT_PROTOTYPES = YES;
				CLANG_WARN_SUSPICIOUS_MOVE = YES;
				CLANG_WARN_UNGUARDED_AVAILABILITY = YES_AGGRESSIVE;
				CLANG_WARN_UNREACHABLE_CODE = YES;
				CLANG_WARN__DUPLICATE_METHOD_MATCH = YES;
				CODE_SIGN_IDENTITY = "iPhone Developer";
				COPY_PHASE_STRIP = NO;
				DEBUG_INFORMATION_FORMAT = dwarf;
				ENABLE_STRICT_OBJC_MSGSEND = YES;
				ENABLE_TESTABILITY = YES;
				GCC_C_LANGUAGE_STANDARD = gnu11;
				GCC_DYNAMIC_NO_PIC = NO;
				GCC_NO_COMMON_BLOCKS = YES;
				GCC_OPTIMIZATION_LEVEL = 0;
				GCC_PREPROCESSOR_DEFINITIONS = (
					"DEBUG=1",
					"$(inherited)",
				);
				GCC_WARN_64_TO_32_BIT_CONVERSION = YES;
				GCC_WARN_ABOUT_RETURN_TYPE = YES_ERROR;
				GCC_WARN_UNDECLARED_SELECTOR = YES;
				GCC_WARN_UNINITIALIZED_AUTOS = YES_AGGRESSIVE;
				GCC_WARN_UNUSED_FUNCTION = YES;
				GCC_WARN_UNUSED_VARIABLE = YES;
				IPHONEOS_DEPLOYMENT_TARGET = 11.2;
				MTL_ENABLE_DEBUG_INFO = YES;
				ONLY_ACTIVE_ARCH = YES;
				SDKROOT = iphoneos;
				SWIFT_ACTIVE_COMPILATION_CONDITIONS = DEBUG;
				SWIFT_OPTIMIZATION_LEVEL = "-Onone";
			};
			name = Debug;
		};
		B767EC462044798700CD07B4 /* Release */ = {
			isa = XCBuildConfiguration;
			buildSettings = {
				ALWAYS_SEARCH_USER_PATHS = NO;
				CLANG_ANALYZER_NONNULL = YES;
				CLANG_ANALYZER_NUMBER_OBJECT_CONVERSION = YES_AGGRESSIVE;
				CLANG_CXX_LANGUAGE_STANDARD = "gnu++14";
				CLANG_CXX_LIBRARY = "libc++";
				CLANG_ENABLE_MODULES = YES;
				CLANG_ENABLE_OBJC_ARC = YES;
				CLANG_WARN_BLOCK_CAPTURE_AUTORELEASING = YES;
				CLANG_WARN_BOOL_CONVERSION = YES;
				CLANG_WARN_COMMA = YES;
				CLANG_WARN_CONSTANT_CONVERSION = YES;
				CLANG_WARN_DIRECT_OBJC_ISA_USAGE = YES_ERROR;
				CLANG_WARN_DOCUMENTATION_COMMENTS = YES;
				CLANG_WARN_EMPTY_BODY = YES;
				CLANG_WARN_ENUM_CONVERSION = YES;
				CLANG_WARN_INFINITE_RECURSION = YES;
				CLANG_WARN_INT_CONVERSION = YES;
				CLANG_WARN_NON_LITERAL_NULL_CONVERSION = YES;
				CLANG_WARN_OBJC_LITERAL_CONVERSION = YES;
				CLANG_WARN_OBJC_ROOT_CLASS = YES_ERROR;
				CLANG_WARN_RANGE_LOOP_ANALYSIS = YES;
				CLANG_WARN_STRICT_PROTOTYPES = YES;
				CLANG_WARN_SUSPICIOUS_MOVE = YES;
				CLANG_WARN_UNGUARDED_AVAILABILITY = YES_AGGRESSIVE;
				CLANG_WARN_UNREACHABLE_CODE = YES;
				CLANG_WARN__DUPLICATE_METHOD_MATCH = YES;
				CODE_SIGN_IDENTITY = "iPhone Developer";
				COPY_PHASE_STRIP = NO;
				DEBUG_INFORMATION_FORMAT = "dwarf-with-dsym";
				ENABLE_NS_ASSERTIONS = NO;
				ENABLE_STRICT_OBJC_MSGSEND = YES;
				GCC_C_LANGUAGE_STANDARD = gnu11;
				GCC_NO_COMMON_BLOCKS = YES;
				GCC_WARN_64_TO_32_BIT_CONVERSION = YES;
				GCC_WARN_ABOUT_RETURN_TYPE = YES_ERROR;
				GCC_WARN_UNDECLARED_SELECTOR = YES;
				GCC_WARN_UNINITIALIZED_AUTOS = YES_AGGRESSIVE;
				GCC_WARN_UNUSED_FUNCTION = YES;
				GCC_WARN_UNUSED_VARIABLE = YES;
				IPHONEOS_DEPLOYMENT_TARGET = 11.2;
				MTL_ENABLE_DEBUG_INFO = NO;
				SDKROOT = iphoneos;
				SWIFT_OPTIMIZATION_LEVEL = "-Owholemodule";
				VALIDATE_PRODUCT = YES;
			};
			name = Release;
		};
		B767EC482044798700CD07B4 /* Debug */ = {
			isa = XCBuildConfiguration;
			buildSettings = {
				ASSETCATALOG_COMPILER_APPICON_NAME = AppIcon;
				CODE_SIGN_STYLE = Automatic;
				INFOPLIST_FILE = WesterosIB/Info.plist;
				LD_RUNPATH_SEARCH_PATHS = "$(inherited) @executable_path/Frameworks";
				PRODUCT_BUNDLE_IDENTIFIER = net.irmablanco.WesterosIB;
				PRODUCT_NAME = "$(TARGET_NAME)";
				SWIFT_VERSION = 4.0;
				TARGETED_DEVICE_FAMILY = "1,2";
			};
			name = Debug;
		};
		B767EC492044798700CD07B4 /* Release */ = {
			isa = XCBuildConfiguration;
			buildSettings = {
				ASSETCATALOG_COMPILER_APPICON_NAME = AppIcon;
				CODE_SIGN_STYLE = Automatic;
				INFOPLIST_FILE = WesterosIB/Info.plist;
				LD_RUNPATH_SEARCH_PATHS = "$(inherited) @executable_path/Frameworks";
				PRODUCT_BUNDLE_IDENTIFIER = net.irmablanco.WesterosIB;
				PRODUCT_NAME = "$(TARGET_NAME)";
				SWIFT_VERSION = 4.0;
				TARGETED_DEVICE_FAMILY = "1,2";
			};
			name = Release;
		};
		B767EC4B2044798700CD07B4 /* Debug */ = {
			isa = XCBuildConfiguration;
			buildSettings = {
				ALWAYS_EMBED_SWIFT_STANDARD_LIBRARIES = YES;
				BUNDLE_LOADER = "$(TEST_HOST)";
				CLANG_ENABLE_MODULES = YES;
				CODE_SIGN_STYLE = Automatic;
				INFOPLIST_FILE = WesterosIBTests/Info.plist;
				LD_RUNPATH_SEARCH_PATHS = "$(inherited) @executable_path/Frameworks @loader_path/Frameworks";
				PRODUCT_BUNDLE_IDENTIFIER = net.irmablanco.WesterosIBTests;
				PRODUCT_NAME = "$(TARGET_NAME)";
				SWIFT_OPTIMIZATION_LEVEL = "-Onone";
				SWIFT_VERSION = 4.0;
				TARGETED_DEVICE_FAMILY = "1,2";
				TEST_HOST = "$(BUILT_PRODUCTS_DIR)/WesterosIB.app/WesterosIB";
			};
			name = Debug;
		};
		B767EC4C2044798700CD07B4 /* Release */ = {
			isa = XCBuildConfiguration;
			buildSettings = {
				ALWAYS_EMBED_SWIFT_STANDARD_LIBRARIES = YES;
				BUNDLE_LOADER = "$(TEST_HOST)";
				CLANG_ENABLE_MODULES = YES;
				CODE_SIGN_STYLE = Automatic;
				INFOPLIST_FILE = WesterosIBTests/Info.plist;
				LD_RUNPATH_SEARCH_PATHS = "$(inherited) @executable_path/Frameworks @loader_path/Frameworks";
				PRODUCT_BUNDLE_IDENTIFIER = net.irmablanco.WesterosIBTests;
				PRODUCT_NAME = "$(TARGET_NAME)";
				SWIFT_VERSION = 4.0;
				TARGETED_DEVICE_FAMILY = "1,2";
				TEST_HOST = "$(BUILT_PRODUCTS_DIR)/WesterosIB.app/WesterosIB";
			};
			name = Release;
		};
/* End XCBuildConfiguration section */

/* Begin XCConfigurationList section */
		B767EC252044798600CD07B4 /* Build configuration list for PBXProject "WesterosIB" */ = {
			isa = XCConfigurationList;
			buildConfigurations = (
				B767EC452044798700CD07B4 /* Debug */,
				B767EC462044798700CD07B4 /* Release */,
			);
			defaultConfigurationIsVisible = 0;
			defaultConfigurationName = Release;
		};
		B767EC472044798700CD07B4 /* Build configuration list for PBXNativeTarget "WesterosIB" */ = {
			isa = XCConfigurationList;
			buildConfigurations = (
				B767EC482044798700CD07B4 /* Debug */,
				B767EC492044798700CD07B4 /* Release */,
			);
			defaultConfigurationIsVisible = 0;
			defaultConfigurationName = Release;
		};
		B767EC4A2044798700CD07B4 /* Build configuration list for PBXNativeTarget "WesterosIBTests" */ = {
			isa = XCConfigurationList;
			buildConfigurations = (
				B767EC4B2044798700CD07B4 /* Debug */,
				B767EC4C2044798700CD07B4 /* Release */,
			);
			defaultConfigurationIsVisible = 0;
			defaultConfigurationName = Release;
		};
/* End XCConfigurationList section */
	};
	rootObject = B767EC222044798600CD07B4 /* Project object */;
}
